// !$*UTF8*$!
{
	archiveVersion = 1;
	classes = {
	};
	objectVersion = 46;
	objects = {

/* Begin PBXBuildFile section */
		C08E80191E47144B004AA3BB /* main.cpp in Sources */ = {isa = PBXBuildFile; fileRef = C08E80181E47144B004AA3BB /* main.cpp */; };
		C08E80241E471489004AA3BB /* lexer.cpp in Sources */ = {isa = PBXBuildFile; fileRef = C08E80201E471489004AA3BB /* lexer.cpp */; };
		C08E80251E471489004AA3BB /* parser.cpp in Sources */ = {isa = PBXBuildFile; fileRef = C08E80221E471489004AA3BB /* parser.cpp */; };
/* End PBXBuildFile section */

/* Begin PBXCopyFilesBuildPhase section */
		C08E80131E47144B004AA3BB /* CopyFiles */ = {
			isa = PBXCopyFilesBuildPhase;
			buildActionMask = 2147483647;
			dstPath = /usr/share/man/man1/;
			dstSubfolderSpec = 0;
			files = (
			);
			runOnlyForDeploymentPostprocessing = 1;
		};
/* End PBXCopyFilesBuildPhase section */

/* Begin PBXFileReference section */
		C08E80151E47144B004AA3BB /* simple-calc */ = {isa = PBXFileReference; explicitFileType = "compiled.mach-o.executable"; includeInIndex = 0; path = "simple-calc"; sourceTree = BUILT_PRODUCTS_DIR; };
		C08E80181E47144B004AA3BB /* main.cpp */ = {isa = PBXFileReference; lastKnownFileType = sourcecode.cpp.cpp; path = main.cpp; sourceTree = "<group>"; };
		C08E801F1E471489004AA3BB /* global.h */ = {isa = PBXFileReference; fileEncoding = 4; lastKnownFileType = sourcecode.c.h; path = global.h; sourceTree = "<group>"; };
		C08E80201E471489004AA3BB /* lexer.cpp */ = {isa = PBXFileReference; fileEncoding = 4; lastKnownFileType = sourcecode.cpp.cpp; path = lexer.cpp; sourceTree = "<group>"; };
		C08E80211E471489004AA3BB /* lexer.h */ = {isa = PBXFileReference; fileEncoding = 4; lastKnownFileType = sourcecode.c.h; path = lexer.h; sourceTree = "<group>"; };
		C08E80221E471489004AA3BB /* parser.cpp */ = {isa = PBXFileReference; fileEncoding = 4; lastKnownFileType = sourcecode.cpp.cpp; path = parser.cpp; sourceTree = "<group>"; };
		C08E80231E471489004AA3BB /* parser.h */ = {isa = PBXFileReference; fileEncoding = 4; lastKnownFileType = sourcecode.c.h; path = parser.h; sourceTree = "<group>"; };
/* End PBXFileReference section */

/* Begin PBXFrameworksBuildPhase section */
		C08E80121E47144B004AA3BB /* Frameworks */ = {
			isa = PBXFrameworksBuildPhase;
			buildActionMask = 2147483647;
			files = (
			);
			runOnlyForDeploymentPostprocessing = 0;
		};
/* End PBXFrameworksBuildPhase section */

/* Begin PBXGroup section */
		C08E800C1E47144B004AA3BB = {
			isa = PBXGroup;
			children = (
				C08E80171E47144B004AA3BB /* simple-calc */,
				C08E80161E47144B004AA3BB /* Products */,
			);
			sourceTree = "<group>";
		};
		C08E80161E47144B004AA3BB /* Products */ = {
			isa = PBXGroup;
			children = (
				C08E80151E47144B004AA3BB /* simple-calc */,
			);
			name = Products;
			sourceTree = "<group>";
		};
		C08E80171E47144B004AA3BB /* simple-calc */ = {
			isa = PBXGroup;
			children = (
				C08E80261E471494004AA3BB /* include */,
				C08E80201E471489004AA3BB /* lexer.cpp */,
				C08E80221E471489004AA3BB /* parser.cpp */,
				C08E80181E47144B004AA3BB /* main.cpp */,
			);
			path = "simple-calc";
			sourceTree = "<group>";
		};
		C08E80261E471494004AA3BB /* include */ = {
			isa = PBXGroup;
			children = (
				C08E801F1E471489004AA3BB /* global.h */,
				C08E80211E471489004AA3BB /* lexer.h */,
				C08E80231E471489004AA3BB /* parser.h */,
			);
			name = include;
			sourceTree = "<group>";
		};
/* End PBXGroup section */

/* Begin PBXNativeTarget section */
		C08E80141E47144B004AA3BB /* simple-calc */ = {
			isa = PBXNativeTarget;
			buildConfigurationList = C08E801C1E47144B004AA3BB /* Build configuration list for PBXNativeTarget "simple-calc" */;
			buildPhases = (
				C08E80111E47144B004AA3BB /* Sources */,
				C08E80121E47144B004AA3BB /* Frameworks */,
				C08E80131E47144B004AA3BB /* CopyFiles */,
			);
			buildRules = (
			);
			dependencies = (
			);
			name = "simple-calc";
			productName = "simple-calc";
			productReference = C08E80151E47144B004AA3BB /* simple-calc */;
			productType = "com.apple.product-type.tool";
		};
/* End PBXNativeTarget section */

/* Begin PBXProject section */
		C08E800D1E47144B004AA3BB /* Project object */ = {
			isa = PBXProject;
			attributes = {
				LastUpgradeCheck = 0820;
				ORGANIZATIONNAME = MaxXing;
				TargetAttributes = {
					C08E80141E47144B004AA3BB = {
						CreatedOnToolsVersion = 8.2.1;
						ProvisioningStyle = Automatic;
					};
				};
			};
			buildConfigurationList = C08E80101E47144B004AA3BB /* Build configuration list for PBXProject "simple-calc" */;
			compatibilityVersion = "Xcode 3.2";
			developmentRegion = English;
			hasScannedForEncodings = 0;
			knownRegions = (
				en,
			);
			mainGroup = C08E800C1E47144B004AA3BB;
			productRefGroup = C08E80161E47144B004AA3BB /* Products */;
			projectDirPath = "";
			projectRoot = "";
			targets = (
				C08E80141E47144B004AA3BB /* simple-calc */,
			);
		};
/* End PBXProject section */

/* Begin PBXSourcesBuildPhase section */
		C08E80111E47144B004AA3BB /* Sources */ = {
			isa = PBXSourcesBuildPhase;
			buildActionMask = 2147483647;
			files = (
				C08E80241E471489004AA3BB /* lexer.cpp in Sources */,
				C08E80251E471489004AA3BB /* parser.cpp in Sources */,
				C08E80191E47144B004AA3BB /* main.cpp in Sources */,
			);
			runOnlyForDeploymentPostprocessing = 0;
		};
/* End PBXSourcesBuildPhase section */

/* Begin XCBuildConfiguration section */
		C08E801A1E47144B004AA3BB /* Debug */ = {
			isa = XCBuildConfiguration;
			buildSettings = {
				ALWAYS_SEARCH_USER_PATHS = NO;
				CLANG_ANALYZER_NONNULL = YES;
				CLANG_CXX_LANGUAGE_STANDARD = "gnu++0x";
				CLANG_CXX_LIBRARY = "libc++";
				CLANG_ENABLE_MODULES = YES;
				CLANG_ENABLE_OBJC_ARC = YES;
				CLANG_WARN_BOOL_CONVERSION = YES;
				CLANG_WARN_CONSTANT_CONVERSION = YES;
				CLANG_WARN_DIRECT_OBJC_ISA_USAGE = YES_ERROR;
				CLANG_WARN_DOCUMENTATION_COMMENTS = YES;
				CLANG_WARN_EMPTY_BODY = YES;
				CLANG_WARN_ENUM_CONVERSION = YES;
				CLANG_WARN_INFINITE_RECURSION = YES;
				CLANG_WARN_INT_CONVERSION = YES;
				CLANG_WARN_OBJC_ROOT_CLASS = YES_ERROR;
				CLANG_WARN_SUSPICIOUS_MOVE = YES;
				CLANG_WARN_UNREACHABLE_CODE = YES;
				CLANG_WARN__DUPLICATE_METHOD_MATCH = YES;
				CODE_SIGN_IDENTITY = "-";
				COPY_PHASE_STRIP = NO;
				DEBUG_INFORMATION_FORMAT = dwarf;
				ENABLE_STRICT_OBJC_MSGSEND = YES;
				ENABLE_TESTABILITY = YES;
				GCC_C_LANGUAGE_STANDARD = gnu99;
				GCC_DYNAMIC_NO_PIC = NO;
				GCC_NO_COMMON_BLOCKS = YES;
				GCC_OPTIMIZATION_LEVEL = 0;
				GCC_PREPROCESSOR_DEFINITIONS = (
					"DEBUG=1",
					"$(inherited)",
				);
				GCC_WARN_64_TO_32_BIT_CONVERSION = YES;
				GCC_WARN_ABOUT_RETURN_TYPE = YES_ERROR;
				GCC_WARN_UNDECLARED_SELECTOR = YES;
				GCC_WARN_UNINITIALIZED_AUTOS = YES_AGGRESSIVE;
				GCC_WARN_UNUSED_FUNCTION = YES;
				GCC_WARN_UNUSED_VARIABLE = YES;
				MACOSX_DEPLOYMENT_TARGET = 10.12;
				MTL_ENABLE_DEBUG_INFO = YES;
				ONLY_ACTIVE_ARCH = YES;
				SDKROOT = macosx;
			};
			name = Debug;
		};
		C08E801B1E47144B004AA3BB /* Release */ = {
			isa = XCBuildConfiguration;
			buildSettings = {
				ALWAYS_SEARCH_USER_PATHS = NO;
				CLANG_ANALYZER_NONNULL = YES;
				CLANG_CXX_LANGUAGE_STANDARD = "gnu++0x";
				CLANG_CXX_LIBRARY = "libc++";
				CLANG_ENABLE_MODULES = YES;
				CLANG_ENABLE_OBJC_ARC = YES;
				CLANG_WARN_BOOL_CONVERSION = YES;
				CLANG_WARN_CONSTANT_CONVERSION = YES;
				CLANG_WARN_DIRECT_OBJC_ISA_USAGE = YES_ERROR;
				CLANG_WARN_DOCUMENTATION_COMMENTS = YES;
				CLANG_WARN_EMPTY_BODY = YES;
				CLANG_WARN_ENUM_CONVERSION = YES;
				CLANG_WARN_INFINITE_RECURSION = YES;
				CLANG_WARN_INT_CONVERSION = YES;
				CLANG_WARN_OBJC_ROOT_CLASS = YES_ERROR;
				CLANG_WARN_SUSPICIOUS_MOVE = YES;
				CLANG_WARN_UNREACHABLE_CODE = YES;
				CLANG_WARN__DUPLICATE_METHOD_MATCH = YES;
				CODE_SIGN_IDENTITY = "-";
				COPY_PHASE_STRIP = NO;
				DEBUG_INFORMATION_FORMAT = "dwarf-with-dsym";
				ENABLE_NS_ASSERTIONS = NO;
				ENABLE_STRICT_OBJC_MSGSEND = YES;
				GCC_C_LANGUAGE_STANDARD = gnu99;
				GCC_NO_COMMON_BLOCKS = YES;
				GCC_WARN_64_TO_32_BIT_CONVERSION = YES;
				GCC_WARN_ABOUT_RETURN_TYPE = YES_ERROR;
				GCC_WARN_UNDECLARED_SELECTOR = YES;
				GCC_WARN_UNINITIALIZED_AUTOS = YES_AGGRESSIVE;
				GCC_WARN_UNUSED_FUNCTION = YES;
				GCC_WARN_UNUSED_VARIABLE = YES;
				MACOSX_DEPLOYMENT_TARGET = 10.12;
				MTL_ENABLE_DEBUG_INFO = NO;
				SDKROOT = macosx;
			};
			name = Release;
		};
		C08E801D1E47144B004AA3BB /* Debug */ = {
			isa = XCBuildConfiguration;
			buildSettings = {
				PRODUCT_NAME = "$(TARGET_NAME)";
			};
			name = Debug;
		};
		C08E801E1E47144B004AA3BB /* Release */ = {
			isa = XCBuildConfiguration;
			buildSettings = {
				PRODUCT_NAME = "$(TARGET_NAME)";
			};
			name = Release;
		};
/* End XCBuildConfiguration section */

/* Begin XCConfigurationList section */
		C08E80101E47144B004AA3BB /* Build configuration list for PBXProject "simple-calc" */ = {
			isa = XCConfigurationList;
			buildConfigurations = (
				C08E801A1E47144B004AA3BB /* Debug */,
				C08E801B1E47144B004AA3BB /* Release */,
			);
			defaultConfigurationIsVisible = 0;
			defaultConfigurationName = Release;
		};
		C08E801C1E47144B004AA3BB /* Build configuration list for PBXNativeTarget "simple-calc" */ = {
			isa = XCConfigurationList;
			buildConfigurations = (
				C08E801D1E47144B004AA3BB /* Debug */,
				C08E801E1E47144B004AA3BB /* Release */,
			);
			defaultConfigurationIsVisible = 0;
		};
/* End XCConfigurationList section */
	};
	rootObject = C08E800D1E47144B004AA3BB /* Project object */;
}
